
Microsoft Visual Studio Solution File, Format Version 12.00
# Visual Studio Version 16
VisualStudioVersion = 16.0.31424.327
MinimumVisualStudioVersion = 10.0.40219.1
Project("{FAE04EC0-301F-11D3-BF4B-00C04F79EFBC}") = "AdvancedConcepts", "AdvancedConcepts\AdvancedConcepts.csproj", "{07AADE1C-52A7-4D66-A3D9-BC53B11209E2}"
EndProject
Global
	GlobalSection(SolutionConfigurationPlatforms) = preSolution
		Debug|Any CPU = Debug|Any CPU
		Release|Any CPU = Release|Any CPU
	EndGlobalSection
	GlobalSection(ProjectConfigurationPlatforms) = postSolution
		{07AADE1C-52A7-4D66-A3D9-BC53B11209E2}.Debug|Any CPU.ActiveCfg = Debug|Any CPU
		{07AADE1C-52A7-4D66-A3D9-BC53B11209E2}.Debug|Any CPU.Build.0 = Debug|Any CPU
		{07AADE1C-52A7-4D66-A3D9-BC53B11209E2}.Release|Any CPU.ActiveCfg = Release|Any CPU
		{07AADE1C-52A7-4D66-A3D9-BC53B11209E2}.Release|Any CPU.Build.0 = Release|Any CPU
	EndGlobalSection
	GlobalSection(SolutionProperties) = preSolution
		HideSolutionNode = FALSE
	EndGlobalSection
	GlobalSection(ExtensibilityGlobals) = postSolution
		SolutionGuid = {2744E04D-8B23-4687-A2E1-3A6A3756649D}
	EndGlobalSection
EndGlobal
